// !$*UTF8*$!
{
	archiveVersion = 1;
	classes = {
	};
	objectVersion = 50;
	objects = {

/* Begin PBXBuildFile section */
		0D3ACEC1FFAB641AC0CF4DAE /* libPods-MadeUStaffDone.a in Frameworks */ = {isa = PBXBuildFile; fileRef = 86D4C7DAB20BE333F3E29FE3 /* libPods-MadeUStaffDone.a */; };
		442390DE22F86CE20074554E /* AppDelegate.swift in Sources */ = {isa = PBXBuildFile; fileRef = 442390DD22F86CE20074554E /* AppDelegate.swift */; };
		442390E022F86CE20074554E /* ToDoListViewController.swift in Sources */ = {isa = PBXBuildFile; fileRef = 442390DF22F86CE20074554E /* ToDoListViewController.swift */; };
		442390E322F86CE20074554E /* Main.storyboard in Resources */ = {isa = PBXBuildFile; fileRef = 442390E122F86CE20074554E /* Main.storyboard */; };
		442390E622F86CE20074554E /* MadeUStaffDone.xcdatamodeld in Sources */ = {isa = PBXBuildFile; fileRef = 442390E422F86CE20074554E /* MadeUStaffDone.xcdatamodeld */; };
		442390E822F86CE30074554E /* Assets.xcassets in Resources */ = {isa = PBXBuildFile; fileRef = 442390E722F86CE30074554E /* Assets.xcassets */; };
		442390EB22F86CE30074554E /* LaunchScreen.storyboard in Resources */ = {isa = PBXBuildFile; fileRef = 442390E922F86CE30074554E /* LaunchScreen.storyboard */; };
		4425F23222FA106C002BC182 /* delete.png in Resources */ = {isa = PBXBuildFile; fileRef = 4425F23122FA106C002BC182 /* delete.png */; };
		4425F23422FA1CF9002BC182 /* SwipeViewController.swift in Sources */ = {isa = PBXBuildFile; fileRef = 4425F23322FA1CF9002BC182 /* SwipeViewController.swift */; };
		445BE08722F8AF9D003CD764 /* CategoryViewController.swift in Sources */ = {isa = PBXBuildFile; fileRef = 445BE08622F8AF9D003CD764 /* CategoryViewController.swift */; };
/* End PBXBuildFile section */

/* Begin PBXFileReference section */
		3DB8227719A15927AD1F485A /* Pods-MadeUStaffDone.debug.xcconfig */ = {isa = PBXFileReference; includeInIndex = 1; lastKnownFileType = text.xcconfig; name = "Pods-MadeUStaffDone.debug.xcconfig"; path = "Target Support Files/Pods-MadeUStaffDone/Pods-MadeUStaffDone.debug.xcconfig"; sourceTree = "<group>"; };
		442390DA22F86CE20074554E /* MadeUStaffDone.app */ = {isa = PBXFileReference; explicitFileType = wrapper.application; includeInIndex = 0; path = MadeUStaffDone.app; sourceTree = BUILT_PRODUCTS_DIR; };
		442390DD22F86CE20074554E /* AppDelegate.swift */ = {isa = PBXFileReference; lastKnownFileType = sourcecode.swift; path = AppDelegate.swift; sourceTree = "<group>"; };
		442390DF22F86CE20074554E /* ToDoListViewController.swift */ = {isa = PBXFileReference; lastKnownFileType = sourcecode.swift; path = ToDoListViewController.swift; sourceTree = "<group>"; };
		442390E222F86CE20074554E /* Base */ = {isa = PBXFileReference; lastKnownFileType = file.storyboard; name = Base; path = Base.lproj/Main.storyboard; sourceTree = "<group>"; };
		442390E522F86CE20074554E /* MadeUStaffDone.xcdatamodel */ = {isa = PBXFileReference; lastKnownFileType = wrapper.xcdatamodel; path = MadeUStaffDone.xcdatamodel; sourceTree = "<group>"; };
		442390E722F86CE30074554E /* Assets.xcassets */ = {isa = PBXFileReference; lastKnownFileType = folder.assetcatalog; path = Assets.xcassets; sourceTree = "<group>"; };
		442390EA22F86CE30074554E /* Base */ = {isa = PBXFileReference; lastKnownFileType = file.storyboard; name = Base; path = Base.lproj/LaunchScreen.storyboard; sourceTree = "<group>"; };
		442390EC22F86CE30074554E /* Info.plist */ = {isa = PBXFileReference; lastKnownFileType = text.plist.xml; path = Info.plist; sourceTree = "<group>"; };
		4425F23122FA106C002BC182 /* delete.png */ = {isa = PBXFileReference; lastKnownFileType = image.png; path = delete.png; sourceTree = SOURCE_ROOT; };
		4425F23322FA1CF9002BC182 /* SwipeViewController.swift */ = {isa = PBXFileReference; lastKnownFileType = sourcecode.swift; path = SwipeViewController.swift; sourceTree = "<group>"; };
		445BE08622F8AF9D003CD764 /* CategoryViewController.swift */ = {isa = PBXFileReference; lastKnownFileType = sourcecode.swift; path = CategoryViewController.swift; sourceTree = "<group>"; };
		86D4C7DAB20BE333F3E29FE3 /* libPods-MadeUStaffDone.a */ = {isa = PBXFileReference; explicitFileType = archive.ar; includeInIndex = 0; path = "libPods-MadeUStaffDone.a"; sourceTree = BUILT_PRODUCTS_DIR; };
		DD3D74161ED5C53A88AAE163 /* Pods-MadeUStaffDone.release.xcconfig */ = {isa = PBXFileReference; includeInIndex = 1; lastKnownFileType = text.xcconfig; name = "Pods-MadeUStaffDone.release.xcconfig"; path = "Target Support Files/Pods-MadeUStaffDone/Pods-MadeUStaffDone.release.xcconfig"; sourceTree = "<group>"; };
/* End PBXFileReference section */

/* Begin PBXFrameworksBuildPhase section */
		442390D722F86CE20074554E /* Frameworks */ = {
			isa = PBXFrameworksBuildPhase;
			buildActionMask = 2147483647;
			files = (
				0D3ACEC1FFAB641AC0CF4DAE /* libPods-MadeUStaffDone.a in Frameworks */,
			);
			runOnlyForDeploymentPostprocessing = 0;
		};
/* End PBXFrameworksBuildPhase section */

/* Begin PBXGroup section */
		442390D122F86CE20074554E = {
			isa = PBXGroup;
			children = (
				442390DC22F86CE20074554E /* MadeUStaffDone */,
				442390DB22F86CE20074554E /* Products */,
				9064187CEB403A1C0CA64D9C /* Pods */,
				914F2E2066FC207F67694D54 /* Frameworks */,
			);
			sourceTree = "<group>";
		};
		442390DB22F86CE20074554E /* Products */ = {
			isa = PBXGroup;
			children = (
				442390DA22F86CE20074554E /* MadeUStaffDone.app */,
			);
			name = Products;
			sourceTree = "<group>";
		};
		442390DC22F86CE20074554E /* MadeUStaffDone */ = {
			isa = PBXGroup;
			children = (
				445BE08122F88CE9003CD764 /* Model */,
				445BE08222F88CFF003CD764 /* View */,
				445BE08322F88D07003CD764 /* Controllers */,
				442390DD22F86CE20074554E /* AppDelegate.swift */,
				442390E722F86CE30074554E /* Assets.xcassets */,
				4425F23122FA106C002BC182 /* delete.png */,
				442390E922F86CE30074554E /* LaunchScreen.storyboard */,
				442390EC22F86CE30074554E /* Info.plist */,
			);
			path = MadeUStaffDone;
			sourceTree = "<group>";
		};
		445BE08122F88CE9003CD764 /* Model */ = {
			isa = PBXGroup;
			children = (
				442390E422F86CE20074554E /* MadeUStaffDone.xcdatamodeld */,
			);
			path = Model;
			sourceTree = "<group>";
		};
		445BE08222F88CFF003CD764 /* View */ = {
			isa = PBXGroup;
			children = (
				442390E122F86CE20074554E /* Main.storyboard */,
			);
			path = View;
			sourceTree = "<group>";
		};
		445BE08322F88D07003CD764 /* Controllers */ = {
			isa = PBXGroup;
			children = (
				445BE08622F8AF9D003CD764 /* CategoryViewController.swift */,
				442390DF22F86CE20074554E /* ToDoListViewController.swift */,
				4425F23322FA1CF9002BC182 /* SwipeViewController.swift */,
			);
			path = Controllers;
			sourceTree = "<group>";
		};
		9064187CEB403A1C0CA64D9C /* Pods */ = {
			isa = PBXGroup;
			children = (
				3DB8227719A15927AD1F485A /* Pods-MadeUStaffDone.debug.xcconfig */,
				DD3D74161ED5C53A88AAE163 /* Pods-MadeUStaffDone.release.xcconfig */,
			);
			path = Pods;
			sourceTree = "<group>";
		};
		914F2E2066FC207F67694D54 /* Frameworks */ = {
			isa = PBXGroup;
			children = (
				86D4C7DAB20BE333F3E29FE3 /* libPods-MadeUStaffDone.a */,
			);
			name = Frameworks;
			sourceTree = "<group>";
		};
/* End PBXGroup section */

/* Begin PBXNativeTarget section */
		442390D922F86CE20074554E /* MadeUStaffDone */ = {
			isa = PBXNativeTarget;
			buildConfigurationList = 442390EF22F86CE30074554E /* Build configuration list for PBXNativeTarget "MadeUStaffDone" */;
			buildPhases = (
				AAAFEA288902CB424876ED0A /* [CP] Check Pods Manifest.lock */,
				442390D622F86CE20074554E /* Sources */,
				442390D722F86CE20074554E /* Frameworks */,
				442390D822F86CE20074554E /* Resources */,
			);
			buildRules = (
			);
			dependencies = (
			);
			name = MadeUStaffDone;
			productName = MadeUStaffDone;
			productReference = 442390DA22F86CE20074554E /* MadeUStaffDone.app */;
			productType = "com.apple.product-type.application";
		};
/* End PBXNativeTarget section */

/* Begin PBXProject section */
		442390D222F86CE20074554E /* Project object */ = {
			isa = PBXProject;
			attributes = {
				LastSwiftUpdateCheck = 1030;
				LastUpgradeCheck = 1030;
				ORGANIZATIONNAME = "Nazar Petruk";
				TargetAttributes = {
					442390D922F86CE20074554E = {
						CreatedOnToolsVersion = 10.3;
					};
				};
			};
			buildConfigurationList = 442390D522F86CE20074554E /* Build configuration list for PBXProject "MadeUStaffDone" */;
			compatibilityVersion = "Xcode 9.3";
			developmentRegion = en;
			hasScannedForEncodings = 0;
			knownRegions = (
				en,
				Base,
			);
			mainGroup = 442390D122F86CE20074554E;
			productRefGroup = 442390DB22F86CE20074554E /* Products */;
			projectDirPath = "";
			projectRoot = "";
			targets = (
				442390D922F86CE20074554E /* MadeUStaffDone */,
			);
		};
/* End PBXProject section */

/* Begin PBXResourcesBuildPhase section */
		442390D822F86CE20074554E /* Resources */ = {
			isa = PBXResourcesBuildPhase;
			buildActionMask = 2147483647;
			files = (
				4425F23222FA106C002BC182 /* delete.png in Resources */,
				442390EB22F86CE30074554E /* LaunchScreen.storyboard in Resources */,
				442390E822F86CE30074554E /* Assets.xcassets in Resources */,
				442390E322F86CE20074554E /* Main.storyboard in Resources */,
			);
			runOnlyForDeploymentPostprocessing = 0;
		};
/* End PBXResourcesBuildPhase section */

/* Begin PBXShellScriptBuildPhase section */
		AAAFEA288902CB424876ED0A /* [CP] Check Pods Manifest.lock */ = {
			isa = PBXShellScriptBuildPhase;
			buildActionMask = 2147483647;
			files = (
			);
			inputFileListPaths = (
			);
			inputPaths = (
				"${PODS_PODFILE_DIR_PATH}/Podfile.lock",
				"${PODS_ROOT}/Manifest.lock",
			);
			name = "[CP] Check Pods Manifest.lock";
			outputFileListPaths = (
			);
			outputPaths = (
				"$(DERIVED_FILE_DIR)/Pods-MadeUStaffDone-checkManifestLockResult.txt",
			);
			runOnlyForDeploymentPostprocessing = 0;
			shellPath = /bin/sh;
			shellScript = "diff \"${PODS_PODFILE_DIR_PATH}/Podfile.lock\" \"${PODS_ROOT}/Manifest.lock\" > /dev/null\nif [ $? != 0 ] ; then\n    # print error to STDERR\n    echo \"error: The sandbox is not in sync with the Podfile.lock. Run 'pod install' or update your CocoaPods installation.\" >&2\n    exit 1\nfi\n# This output is used by Xcode 'outputs' to avoid re-running this script phase.\necho \"SUCCESS\" > \"${SCRIPT_OUTPUT_FILE_0}\"\n";
			showEnvVarsInLog = 0;
		};
/* End PBXShellScriptBuildPhase section */

/* Begin PBXSourcesBuildPhase section */
		442390D622F86CE20074554E /* Sources */ = {
			isa = PBXSourcesBuildPhase;
			buildActionMask = 2147483647;
			files = (
				4425F23422FA1CF9002BC182 /* SwipeViewController.swift in Sources */,
				445BE08722F8AF9D003CD764 /* CategoryViewController.swift in Sources */,
				442390E622F86CE20074554E /* MadeUStaffDone.xcdatamodeld in Sources */,
				442390E022F86CE20074554E /* ToDoListViewController.swift in Sources */,
				442390DE22F86CE20074554E /* AppDelegate.swift in Sources */,
			);
			runOnlyForDeploymentPostprocessing = 0;
		};
/* End PBXSourcesBuildPhase section */

/* Begin PBXVariantGroup section */
		442390E122F86CE20074554E /* Main.storyboard */ = {
			isa = PBXVariantGroup;
			children = (
				442390E222F86CE20074554E /* Base */,
			);
			name = Main.storyboard;
			sourceTree = "<group>";
		};
		442390E922F86CE30074554E /* LaunchScreen.storyboard */ = {
			isa = PBXVariantGroup;
			children = (
				442390EA22F86CE30074554E /* Base */,
			);
			name = LaunchScreen.storyboard;
			sourceTree = "<group>";
		};
/* End PBXVariantGroup section */

/* Begin XCBuildConfiguration section */
		442390ED22F86CE30074554E /* Debug */ = {
			isa = XCBuildConfiguration;
			buildSettings = {
				ALWAYS_SEARCH_USER_PATHS = NO;
				CLANG_ANALYZER_NONNULL = YES;
				CLANG_ANALYZER_NUMBER_OBJECT_CONVERSION = YES_AGGRESSIVE;
				CLANG_CXX_LANGUAGE_STANDARD = "gnu++14";
				CLANG_CXX_LIBRARY = "libc++";
				CLANG_ENABLE_MODULES = YES;
				CLANG_ENABLE_OBJC_ARC = YES;
				CLANG_ENABLE_OBJC_WEAK = YES;
				CLANG_WARN_BLOCK_CAPTURE_AUTORELEASING = YES;
				CLANG_WARN_BOOL_CONVERSION = YES;
				CLANG_WARN_COMMA = YES;
				CLANG_WARN_CONSTANT_CONVERSION = YES;
				CLANG_WARN_DEPRECATED_OBJC_IMPLEMENTATIONS = YES;
				CLANG_WARN_DIRECT_OBJC_ISA_USAGE = YES_ERROR;
				CLANG_WARN_DOCUMENTATION_COMMENTS = YES;
				CLANG_WARN_EMPTY_BODY = YES;
				CLANG_WARN_ENUM_CONVERSION = YES;
				CLANG_WARN_INFINITE_RECURSION = YES;
				CLANG_WARN_INT_CONVERSION = YES;
				CLANG_WARN_NON_LITERAL_NULL_CONVERSION = YES;
				CLANG_WARN_OBJC_IMPLICIT_RETAIN_SELF = YES;
				CLANG_WARN_OBJC_LITERAL_CONVERSION = YES;
				CLANG_WARN_OBJC_ROOT_CLASS = YES_ERROR;
				CLANG_WARN_RANGE_LOOP_ANALYSIS = YES;
				CLANG_WARN_STRICT_PROTOTYPES = YES;
				CLANG_WARN_SUSPICIOUS_MOVE = YES;
				CLANG_WARN_UNGUARDED_AVAILABILITY = YES_AGGRESSIVE;
				CLANG_WARN_UNREACHABLE_CODE = YES;
				CLANG_WARN__DUPLICATE_METHOD_MATCH = YES;
				CODE_SIGN_IDENTITY = "iPhone Developer";
				COPY_PHASE_STRIP = NO;
				DEBUG_INFORMATION_FORMAT = dwarf;
				ENABLE_STRICT_OBJC_MSGSEND = YES;
				ENABLE_TESTABILITY = YES;
				GCC_C_LANGUAGE_STANDARD = gnu11;
				GCC_DYNAMIC_NO_PIC = NO;
				GCC_NO_COMMON_BLOCKS = YES;
				GCC_OPTIMIZATION_LEVEL = 0;
				GCC_PREPROCESSOR_DEFINITIONS = (
					"DEBUG=1",
					"$(inherited)",
				);
				GCC_WARN_64_TO_32_BIT_CONVERSION = YES;
				GCC_WARN_ABOUT_RETURN_TYPE = YES_ERROR;
				GCC_WARN_UNDECLARED_SELECTOR = YES;
				GCC_WARN_UNINITIALIZED_AUTOS = YES_AGGRESSIVE;
				GCC_WARN_UNUSED_FUNCTION = YES;
				GCC_WARN_UNUSED_VARIABLE = YES;
				IPHONEOS_DEPLOYMENT_TARGET = 12.4;
				MTL_ENABLE_DEBUG_INFO = INCLUDE_SOURCE;
				MTL_FAST_MATH = YES;
				ONLY_ACTIVE_ARCH = YES;
				SDKROOT = iphoneos;
				SWIFT_ACTIVE_COMPILATION_CONDITIONS = DEBUG;
				SWIFT_OPTIMIZATION_LEVEL = "-Onone";
			};
			name = Debug;
		};
		442390EE22F86CE30074554E /* Release */ = {
			isa = XCBuildConfiguration;
			buildSettings = {
				ALWAYS_SEARCH_USER_PATHS = NO;
				CLANG_ANALYZER_NONNULL = YES;
				CLANG_ANALYZER_NUMBER_OBJECT_CONVERSION = YES_AGGRESSIVE;
				CLANG_CXX_LANGUAGE_STANDARD = "gnu++14";
				CLANG_CXX_LIBRARY = "libc++";
				CLANG_ENABLE_MODULES = YES;
				CLANG_ENABLE_OBJC_ARC = YES;
				CLANG_ENABLE_OBJC_WEAK = YES;
				CLANG_WARN_BLOCK_CAPTURE_AUTORELEASING = YES;
				CLANG_WARN_BOOL_CONVERSION = YES;
				CLANG_WARN_COMMA = YES;
				CLANG_WARN_CONSTANT_CONVERSION = YES;
				CLANG_WARN_DEPRECATED_OBJC_IMPLEMENTATIONS = YES;
				CLANG_WARN_DIRECT_OBJC_ISA_USAGE = YES_ERROR;
				CLANG_WARN_DOCUMENTATION_COMMENTS = YES;
				CLANG_WARN_EMPTY_BODY = YES;
				CLANG_WARN_ENUM_CONVERSION = YES;
				CLANG_WARN_INFINITE_RECURSION = YES;
				CLANG_WARN_INT_CONVERSION = YES;
				CLANG_WARN_NON_LITERAL_NULL_CONVERSION = YES;
				CLANG_WARN_OBJC_IMPLICIT_RETAIN_SELF = YES;
				CLANG_WARN_OBJC_LITERAL_CONVERSION = YES;
				CLANG_WARN_OBJC_ROOT_CLASS = YES_ERROR;
				CLANG_WARN_RANGE_LOOP_ANALYSIS = YES;
				CLANG_WARN_STRICT_PROTOTYPES = YES;
				CLANG_WARN_SUSPICIOUS_MOVE = YES;
				CLANG_WARN_UNGUARDED_AVAILABILITY = YES_AGGRESSIVE;
				CLANG_WARN_UNREACHABLE_CODE = YES;
				CLANG_WARN__DUPLICATE_METHOD_MATCH = YES;
				CODE_SIGN_IDENTITY = "iPhone Developer";
				COPY_PHASE_STRIP = NO;
				DEBUG_INFORMATION_FORMAT = "dwarf-with-dsym";
				ENABLE_NS_ASSERTIONS = NO;
				ENABLE_STRICT_OBJC_MSGSEND = YES;
				GCC_C_LANGUAGE_STANDARD = gnu11;
				GCC_NO_COMMON_BLOCKS = YES;
				GCC_WARN_64_TO_32_BIT_CONVERSION = YES;
				GCC_WARN_ABOUT_RETURN_TYPE = YES_ERROR;
				GCC_WARN_UNDECLARED_SELECTOR = YES;
				GCC_WARN_UNINITIALIZED_AUTOS = YES_AGGRESSIVE;
				GCC_WARN_UNUSED_FUNCTION = YES;
				GCC_WARN_UNUSED_VARIABLE = YES;
				IPHONEOS_DEPLOYMENT_TARGET = 12.4;
				MTL_ENABLE_DEBUG_INFO = NO;
				MTL_FAST_MATH = YES;
				SDKROOT = iphoneos;
				SWIFT_COMPILATION_MODE = wholemodule;
				SWIFT_OPTIMIZATION_LEVEL = "-O";
				VALIDATE_PRODUCT = YES;
			};
			name = Release;
		};
		442390F022F86CE30074554E /* Debug */ = {
			isa = XCBuildConfiguration;
			baseConfigurationReference = 3DB8227719A15927AD1F485A /* Pods-MadeUStaffDone.debug.xcconfig */;
			buildSettings = {
				ASSETCATALOG_COMPILER_APPICON_NAME = AppIcon;
				CODE_SIGN_STYLE = Automatic;
				DEVELOPMENT_TEAM = PRZ43Q4HD7;
				INFOPLIST_FILE = MadeUStaffDone/Info.plist;
				LD_RUNPATH_SEARCH_PATHS = (
					"$(inherited)",
					"@executable_path/Frameworks",
				);
				PRODUCT_BUNDLE_IDENTIFIER = com.nazar.MadeUStaffDone;
				PRODUCT_NAME = "$(TARGET_NAME)";
				SWIFT_VERSION = 5.0;
				TARGETED_DEVICE_FAMILY = "1,2";
			};
			name = Debug;
		};
		442390F122F86CE30074554E /* Release */ = {
			isa = XCBuildConfiguration;
			baseConfigurationReference = DD3D74161ED5C53A88AAE163 /* Pods-MadeUStaffDone.release.xcconfig */;
			buildSettings = {
				ASSETCATALOG_COMPILER_APPICON_NAME = AppIcon;
				CODE_SIGN_STYLE = Automatic;
				DEVELOPMENT_TEAM = PRZ43Q4HD7;
				INFOPLIST_FILE = MadeUStaffDone/Info.plist;
				LD_RUNPATH_SEARCH_PATHS = (
					"$(inherited)",
					"@executable_path/Frameworks",
				);
				PRODUCT_BUNDLE_IDENTIFIER = com.nazar.MadeUStaffDone;
				PRODUCT_NAME = "$(TARGET_NAME)";
				SWIFT_VERSION = 5.0;
				TARGETED_DEVICE_FAMILY = "1,2";
			};
			name = Release;
		};
/* End XCBuildConfiguration section */

/* Begin XCConfigurationList section */
		442390D522F86CE20074554E /* Build configuration list for PBXProject "MadeUStaffDone" */ = {
			isa = XCConfigurationList;
			buildConfigurations = (
				442390ED22F86CE30074554E /* Debug */,
				442390EE22F86CE30074554E /* Release */,
			);
			defaultConfigurationIsVisible = 0;
			defaultConfigurationName = Release;
		};
		442390EF22F86CE30074554E /* Build configuration list for PBXNativeTarget "MadeUStaffDone" */ = {
			isa = XCConfigurationList;
			buildConfigurations = (
				442390F022F86CE30074554E /* Debug */,
				442390F122F86CE30074554E /* Release */,
			);
			defaultConfigurationIsVisible = 0;
			defaultConfigurationName = Release;
		};
/* End XCConfigurationList section */

/* Begin XCVersionGroup section */
		442390E422F86CE20074554E /* MadeUStaffDone.xcdatamodeld */ = {
			isa = XCVersionGroup;
			children = (
				442390E522F86CE20074554E /* MadeUStaffDone.xcdatamodel */,
			);
			currentVersion = 442390E522F86CE20074554E /* MadeUStaffDone.xcdatamodel */;
			path = MadeUStaffDone.xcdatamodeld;
			sourceTree = "<group>";
			versionGroupType = wrapper.xcdatamodel;
		};
/* End XCVersionGroup section */
	};
	rootObject = 442390D222F86CE20074554E /* Project object */;
}
