// !$*UTF8*$!
{
	archiveVersion = 1;
	classes = {
	};
	objectVersion = 50;
	objects = {

/* Begin PBXBuildFile section */
		442390DE22F86CE20074554E /* AppDelegate.swift in Sources */ = {isa = PBXBuildFile; fileRef = 442390DD22F86CE20074554E /* AppDelegate.swift */; };
		442390E022F86CE20074554E /* ViewController.swift in Sources */ = {isa = PBXBuildFile; fileRef = 442390DF22F86CE20074554E /* ViewController.swift */; };
		442390E322F86CE20074554E /* Main.storyboard in Resources */ = {isa = PBXBuildFile; fileRef = 442390E122F86CE20074554E /* Main.storyboard */; };
		442390E622F86CE20074554E /* MadeUStaffDone.xcdatamodeld in Sources */ = {isa = PBXBuildFile; fileRef = 442390E422F86CE20074554E /* MadeUStaffDone.xcdatamodeld */; };
		442390E822F86CE30074554E /* Assets.xcassets in Resources */ = {isa = PBXBuildFile; fileRef = 442390E722F86CE30074554E /* Assets.xcassets */; };
		442390EB22F86CE30074554E /* LaunchScreen.storyboard in Resources */ = {isa = PBXBuildFile; fileRef = 442390E922F86CE30074554E /* LaunchScreen.storyboard */; };
/* End PBXBuildFile section */

/* Begin PBXFileReference section */
		442390DA22F86CE20074554E /* MadeUStaffDone.app */ = {isa = PBXFileReference; explicitFileType = wrapper.application; includeInIndex = 0; path = MadeUStaffDone.app; sourceTree = BUILT_PRODUCTS_DIR; };
		442390DD22F86CE20074554E /* AppDelegate.swift */ = {isa = PBXFileReference; lastKnownFileType = sourcecode.swift; path = AppDelegate.swift; sourceTree = "<group>"; };
		442390DF22F86CE20074554E /* ViewController.swift */ = {isa = PBXFileReference; lastKnownFileType = sourcecode.swift; path = ViewController.swift; sourceTree = "<group>"; };
		442390E222F86CE20074554E /* Base */ = {isa = PBXFileReference; lastKnownFileType = file.storyboard; name = Base; path = Base.lproj/Main.storyboard; sourceTree = "<group>"; };
		442390E522F86CE20074554E /* MadeUStaffDone.xcdatamodel */ = {isa = PBXFileReference; lastKnownFileType = wrapper.xcdatamodel; path = MadeUStaffDone.xcdatamodel; sourceTree = "<group>"; };
		442390E722F86CE30074554E /* Assets.xcassets */ = {isa = PBXFileReference; lastKnownFileType = folder.assetcatalog; path = Assets.xcassets; sourceTree = "<group>"; };
		442390EA22F86CE30074554E /* Base */ = {isa = PBXFileReference; lastKnownFileType = file.storyboard; name = Base; path = Base.lproj/LaunchScreen.storyboard; sourceTree = "<group>"; };
		442390EC22F86CE30074554E /* Info.plist */ = {isa = PBXFileReference; lastKnownFileType = text.plist.xml; path = Info.plist; sourceTree = "<group>"; };
/* End PBXFileReference section */

/* Begin PBXFrameworksBuildPhase section */
		442390D722F86CE20074554E /* Frameworks */ = {
			isa = PBXFrameworksBuildPhase;
			buildActionMask = 2147483647;
			files = (
			);
			runOnlyForDeploymentPostprocessing = 0;
		};
/* End PBXFrameworksBuildPhase section */

/* Begin PBXGroup section */
		442390D122F86CE20074554E = {
			isa = PBXGroup;
			children = (
				442390DC22F86CE20074554E /* MadeUStaffDone */,
				442390DB22F86CE20074554E /* Products */,
			);
			sourceTree = "<group>";
		};
		442390DB22F86CE20074554E /* Products */ = {
			isa = PBXGroup;
			children = (
				442390DA22F86CE20074554E /* MadeUStaffDone.app */,
			);
			name = Products;
			sourceTree = "<group>";
		};
		442390DC22F86CE20074554E /* MadeUStaffDone */ = {
			isa = PBXGroup;
			children = (
				442390DD22F86CE20074554E /* AppDelegate.swift */,
				442390DF22F86CE20074554E /* ViewController.swift */,
				442390E122F86CE20074554E /* Main.storyboard */,
				442390E722F86CE30074554E /* Assets.xcassets */,
				442390E922F86CE30074554E /* LaunchScreen.storyboard */,
				442390EC22F86CE30074554E /* Info.plist */,
				442390E422F86CE20074554E /* MadeUStaffDone.xcdatamodeld */,
			);
			path = MadeUStaffDone;
			sourceTree = "<group>";
		};
/* End PBXGroup section */

/* Begin PBXNativeTarget section */
		442390D922F86CE20074554E /* MadeUStaffDone */ = {
			isa = PBXNativeTarget;
			buildConfigurationList = 442390EF22F86CE30074554E /* Build configuration list for PBXNativeTarget "MadeUStaffDone" */;
			buildPhases = (
				442390D622F86CE20074554E /* Sources */,
				442390D722F86CE20074554E /* Frameworks */,
				442390D822F86CE20074554E /* Resources */,
			);
			buildRules = (
			);
			dependencies = (
			);
			name = MadeUStaffDone;
			productName = MadeUStaffDone;
			productReference = 442390DA22F86CE20074554E /* MadeUStaffDone.app */;
			productType = "com.apple.product-type.application";
		};
/* End PBXNativeTarget section */

/* Begin PBXProject section */
		442390D222F86CE20074554E /* Project object */ = {
			isa = PBXProject;
			attributes = {
				LastSwiftUpdateCheck = 1030;
				LastUpgradeCheck = 1030;
				ORGANIZATIONNAME = "Nazar Petruk";
				TargetAttributes = {
					442390D922F86CE20074554E = {
						CreatedOnToolsVersion = 10.3;
					};
				};
			};
			buildConfigurationList = 442390D522F86CE20074554E /* Build configuration list for PBXProject "MadeUStaffDone" */;
			compatibilityVersion = "Xcode 9.3";
			developmentRegion = en;
			hasScannedForEncodings = 0;
			knownRegions = (
				en,
				Base,
			);
			mainGroup = 442390D122F86CE20074554E;
			productRefGroup = 442390DB22F86CE20074554E /* Products */;
			projectDirPath = "";
			projectRoot = "";
			targets = (
				442390D922F86CE20074554E /* MadeUStaffDone */,
			);
		};
/* End PBXProject section */

/* Begin PBXResourcesBuildPhase section */
		442390D822F86CE20074554E /* Resources */ = {
			isa = PBXResourcesBuildPhase;
			buildActionMask = 2147483647;
			files = (
				442390EB22F86CE30074554E /* LaunchScreen.storyboard in Resources */,
				442390E822F86CE30074554E /* Assets.xcassets in Resources */,
				442390E322F86CE20074554E /* Main.storyboard in Resources */,
			);
			runOnlyForDeploymentPostprocessing = 0;
		};
/* End PBXResourcesBuildPhase section */

/* Begin PBXSourcesBuildPhase section */
		442390D622F86CE20074554E /* Sources */ = {
			isa = PBXSourcesBuildPhase;
			buildActionMask = 2147483647;
			files = (
				442390E622F86CE20074554E /* MadeUStaffDone.xcdatamodeld in Sources */,
				442390E022F86CE20074554E /* ViewController.swift in Sources */,
				442390DE22F86CE20074554E /* AppDelegate.swift in Sources */,
			);
			runOnlyForDeploymentPostprocessing = 0;
		};
/* End PBXSourcesBuildPhase section */

/* Begin PBXVariantGroup section */
		442390E122F86CE20074554E /* Main.storyboard */ = {
			isa = PBXVariantGroup;
			children = (
				442390E222F86CE20074554E /* Base */,
			);
			name = Main.storyboard;
			sourceTree = "<group>";
		};
		442390E922F86CE30074554E /* LaunchScreen.storyboard */ = {
			isa = PBXVariantGroup;
			children = (
				442390EA22F86CE30074554E /* Base */,
			);
			name = LaunchScreen.storyboard;
			sourceTree = "<group>";
		};
/* End PBXVariantGroup section */

/* Begin XCBuildConfiguration section */
		442390ED22F86CE30074554E /* Debug */ = {
			isa = XCBuildConfiguration;
			buildSettings = {
				ALWAYS_SEARCH_USER_PATHS = NO;
				CLANG_ANALYZER_NONNULL = YES;
				CLANG_ANALYZER_NUMBER_OBJECT_CONVERSION = YES_AGGRESSIVE;
				CLANG_CXX_LANGUAGE_STANDARD = "gnu++14";
				CLANG_CXX_LIBRARY = "libc++";
				CLANG_ENABLE_MODULES = YES;
				CLANG_ENABLE_OBJC_ARC = YES;
				CLANG_ENABLE_OBJC_WEAK = YES;
				CLANG_WARN_BLOCK_CAPTURE_AUTORELEASING = YES;
				CLANG_WARN_BOOL_CONVERSION = YES;
				CLANG_WARN_COMMA = YES;
				CLANG_WARN_CONSTANT_CONVERSION = YES;
				CLANG_WARN_DEPRECATED_OBJC_IMPLEMENTATIONS = YES;
				CLANG_WARN_DIRECT_OBJC_ISA_USAGE = YES_ERROR;
				CLANG_WARN_DOCUMENTATION_COMMENTS = YES;
				CLANG_WARN_EMPTY_BODY = YES;
				CLANG_WARN_ENUM_CONVERSION = YES;
				CLANG_WARN_INFINITE_RECURSION = YES;
				CLANG_WARN_INT_CONVERSION = YES;
				CLANG_WARN_NON_LITERAL_NULL_CONVERSION = YES;
				CLANG_WARN_OBJC_IMPLICIT_RETAIN_SELF = YES;
				CLANG_WARN_OBJC_LITERAL_CONVERSION = YES;
				CLANG_WARN_OBJC_ROOT_CLASS = YES_ERROR;
				CLANG_WARN_RANGE_LOOP_ANALYSIS = YES;
				CLANG_WARN_STRICT_PROTOTYPES = YES;
				CLANG_WARN_SUSPICIOUS_MOVE = YES;
				CLANG_WARN_UNGUARDED_AVAILABILITY = YES_AGGRESSIVE;
				CLANG_WARN_UNREACHABLE_CODE = YES;
				CLANG_WARN__DUPLICATE_METHOD_MATCH = YES;
				CODE_SIGN_IDENTITY = "iPhone Developer";
				COPY_PHASE_STRIP = NO;
				DEBUG_INFORMATION_FORMAT = dwarf;
				ENABLE_STRICT_OBJC_MSGSEND = YES;
				ENABLE_TESTABILITY = YES;
				GCC_C_LANGUAGE_STANDARD = gnu11;
				GCC_DYNAMIC_NO_PIC = NO;
				GCC_NO_COMMON_BLOCKS = YES;
				GCC_OPTIMIZATION_LEVEL = 0;
				GCC_PREPROCESSOR_DEFINITIONS = (
					"DEBUG=1",
					"$(inherited)",
				);
				GCC_WARN_64_TO_32_BIT_CONVERSION = YES;
				GCC_WARN_ABOUT_RETURN_TYPE = YES_ERROR;
				GCC_WARN_UNDECLARED_SELECTOR = YES;
				GCC_WARN_UNINITIALIZED_AUTOS = YES_AGGRESSIVE;
				GCC_WARN_UNUSED_FUNCTION = YES;
				GCC_WARN_UNUSED_VARIABLE = YES;
				IPHONEOS_DEPLOYMENT_TARGET = 12.4;
				MTL_ENABLE_DEBUG_INFO = INCLUDE_SOURCE;
				MTL_FAST_MATH = YES;
				ONLY_ACTIVE_ARCH = YES;
				SDKROOT = iphoneos;
				SWIFT_ACTIVE_COMPILATION_CONDITIONS = DEBUG;
				SWIFT_OPTIMIZATION_LEVEL = "-Onone";
			};
			name = Debug;
		};
		442390EE22F86CE30074554E /* Release */ = {
			isa = XCBuildConfiguration;
			buildSettings = {
				ALWAYS_SEARCH_USER_PATHS = NO;
				CLANG_ANALYZER_NONNULL = YES;
				CLANG_ANALYZER_NUMBER_OBJECT_CONVERSION = YES_AGGRESSIVE;
				CLANG_CXX_LANGUAGE_STANDARD = "gnu++14";
				CLANG_CXX_LIBRARY = "libc++";
				CLANG_ENABLE_MODULES = YES;
				CLANG_ENABLE_OBJC_ARC = YES;
				CLANG_ENABLE_OBJC_WEAK = YES;
				CLANG_WARN_BLOCK_CAPTURE_AUTORELEASING = YES;
				CLANG_WARN_BOOL_CONVERSION = YES;
				CLANG_WARN_COMMA = YES;
				CLANG_WARN_CONSTANT_CONVERSION = YES;
				CLANG_WARN_DEPRECATED_OBJC_IMPLEMENTATIONS = YES;
				CLANG_WARN_DIRECT_OBJC_ISA_USAGE = YES_ERROR;
				CLANG_WARN_DOCUMENTATION_COMMENTS = YES;
				CLANG_WARN_EMPTY_BODY = YES;
				CLANG_WARN_ENUM_CONVERSION = YES;
				CLANG_WARN_INFINITE_RECURSION = YES;
				CLANG_WARN_INT_CONVERSION = YES;
				CLANG_WARN_NON_LITERAL_NULL_CONVERSION = YES;
				CLANG_WARN_OBJC_IMPLICIT_RETAIN_SELF = YES;
				CLANG_WARN_OBJC_LITERAL_CONVERSION = YES;
				CLANG_WARN_OBJC_ROOT_CLASS = YES_ERROR;
				CLANG_WARN_RANGE_LOOP_ANALYSIS = YES;
				CLANG_WARN_STRICT_PROTOTYPES = YES;
				CLANG_WARN_SUSPICIOUS_MOVE = YES;
				CLANG_WARN_UNGUARDED_AVAILABILITY = YES_AGGRESSIVE;
				CLANG_WARN_UNREACHABLE_CODE = YES;
				CLANG_WARN__DUPLICATE_METHOD_MATCH = YES;
				CODE_SIGN_IDENTITY = "iPhone Developer";
				COPY_PHASE_STRIP = NO;
				DEBUG_INFORMATION_FORMAT = "dwarf-with-dsym";
				ENABLE_NS_ASSERTIONS = NO;
				ENABLE_STRICT_OBJC_MSGSEND = YES;
				GCC_C_LANGUAGE_STANDARD = gnu11;
				GCC_NO_COMMON_BLOCKS = YES;
				GCC_WARN_64_TO_32_BIT_CONVERSION = YES;
				GCC_WARN_ABOUT_RETURN_TYPE = YES_ERROR;
				GCC_WARN_UNDECLARED_SELECTOR = YES;
				GCC_WARN_UNINITIALIZED_AUTOS = YES_AGGRESSIVE;
				GCC_WARN_UNUSED_FUNCTION = YES;
				GCC_WARN_UNUSED_VARIABLE = YES;
				IPHONEOS_DEPLOYMENT_TARGET = 12.4;
				MTL_ENABLE_DEBUG_INFO = NO;
				MTL_FAST_MATH = YES;
				SDKROOT = iphoneos;
				SWIFT_COMPILATION_MODE = wholemodule;
				SWIFT_OPTIMIZATION_LEVEL = "-O";
				VALIDATE_PRODUCT = YES;
			};
			name = Release;
		};
		442390F022F86CE30074554E /* Debug */ = {
			isa = XCBuildConfiguration;
			buildSettings = {
				ASSETCATALOG_COMPILER_APPICON_NAME = AppIcon;
				CODE_SIGN_STYLE = Automatic;
				DEVELOPMENT_TEAM = PRZ43Q4HD7;
				INFOPLIST_FILE = MadeUStaffDone/Info.plist;
				LD_RUNPATH_SEARCH_PATHS = (
					"$(inherited)",
					"@executable_path/Frameworks",
				);
				PRODUCT_BUNDLE_IDENTIFIER = com.nazar.MadeUStaffDone;
				PRODUCT_NAME = "$(TARGET_NAME)";
				SWIFT_VERSION = 5.0;
				TARGETED_DEVICE_FAMILY = "1,2";
			};
			name = Debug;
		};
		442390F122F86CE30074554E /* Release */ = {
			isa = XCBuildConfiguration;
			buildSettings = {
				ASSETCATALOG_COMPILER_APPICON_NAME = AppIcon;
				CODE_SIGN_STYLE = Automatic;
				DEVELOPMENT_TEAM = PRZ43Q4HD7;
				INFOPLIST_FILE = MadeUStaffDone/Info.plist;
				LD_RUNPATH_SEARCH_PATHS = (
					"$(inherited)",
					"@executable_path/Frameworks",
				);
				PRODUCT_BUNDLE_IDENTIFIER = com.nazar.MadeUStaffDone;
				PRODUCT_NAME = "$(TARGET_NAME)";
				SWIFT_VERSION = 5.0;
				TARGETED_DEVICE_FAMILY = "1,2";
			};
			name = Release;
		};
/* End XCBuildConfiguration section */

/* Begin XCConfigurationList section */
		442390D522F86CE20074554E /* Build configuration list for PBXProject "MadeUStaffDone" */ = {
			isa = XCConfigurationList;
			buildConfigurations = (
				442390ED22F86CE30074554E /* Debug */,
				442390EE22F86CE30074554E /* Release */,
			);
			defaultConfigurationIsVisible = 0;
			defaultConfigurationName = Release;
		};
		442390EF22F86CE30074554E /* Build configuration list for PBXNativeTarget "MadeUStaffDone" */ = {
			isa = XCConfigurationList;
			buildConfigurations = (
				442390F022F86CE30074554E /* Debug */,
				442390F122F86CE30074554E /* Release */,
			);
			defaultConfigurationIsVisible = 0;
			defaultConfigurationName = Release;
		};
/* End XCConfigurationList section */

/* Begin XCVersionGroup section */
		442390E422F86CE20074554E /* MadeUStaffDone.xcdatamodeld */ = {
			isa = XCVersionGroup;
			children = (
				442390E522F86CE20074554E /* MadeUStaffDone.xcdatamodel */,
			);
			currentVersion = 442390E522F86CE20074554E /* MadeUStaffDone.xcdatamodel */;
			path = MadeUStaffDone.xcdatamodeld;
			sourceTree = "<group>";
			versionGroupType = wrapper.xcdatamodel;
		};
/* End XCVersionGroup section */
	};
	rootObject = 442390D222F86CE20074554E /* Project object */;
}
